github.com/grokify/mogo v0.65.2 h1:wFTX7J91+xGz8Q0v4Jz8gon1vott7oCP453jZyrVlKI=
github.com/grokify/mogo v0.65.2/go.mod h1:sJbyekJQVOxsF7Vp+54iv1L51WN5JnOO9BXhHT3/O2s=
golang.org/x/exp v0.0.0-20241009180824-f66d83c29e7c h1:7dEasQXItcW1xKJ2+gg5VOiBnqWrJc+rq0DPKyvvdbY=
golang.org/x/exp v0.0.0-20241009180824-f66d83c29e7c/go.mod h1:NQtJDoLvd6faHhE7m4T/1IY708gDefGGjR/iUW8yQQ8=
