github.com/grokify/mogo v0.62.7 h1:kaGnLw1yjc5tNOCs8QAcirvOjatn3l4Ct6ywQUz4sRA=
github.com/grokify/mogo v0.62.7/go.mod h1:TSoSr/DFvt0UuEhUgKzGO4psWdiLPgXGcvl5RKE2p2M=
golang.org/x/exp v0.0.0-20240112132812-db7319d0e0e3 h1:hNQpMuAJe5CtcUqCXaWga3FHu+kQvCqcsoVaQgSV60o=
golang.org/x/exp v0.0.0-20240112132812-db7319d0e0e3/go.mod h1:idGWGoKP1toJGkd5/ig9ZLuPcZBC3ewk7SzmH0uou08=
