github.com/grokify/mogo v0.63.11 h1:vgh5nSuhJZMTZ2TkNt7s3e/T3lY6xGlB0q28ez3JOXk=
github.com/grokify/mogo v0.63.11/go.mod h1:xiALI6FeTSs7FBOvTmYbeB3PzXNQryidUAQXZYB83Cc=
golang.org/x/exp v0.0.0-20240506185415-9bf2ced13842 h1:vr/HnozRka3pE4EsMEg1lgkXJkTFJCVUX+S/ZT6wYzM=
golang.org/x/exp v0.0.0-20240506185415-9bf2ced13842/go.mod h1:XtvwrStGgqGPLc4cjQfWqZHG1YFdYs6swckp8vpsjnc=
